{
    "name": "alexa-lambda-kegbot",
    "version": "0.2.0",
    "lockfileVersion": 1,
    "requires": true,
    "dependencies": {
        "@formatjs/intl-numberformat": {
            "version": "4.2.6",
            "resolved": "https://registry.npmjs.org/@formatjs/intl-numberformat/-/intl-numberformat-4.2.6.tgz",
            "integrity": "sha512-LcV9pJ5XiiNwt3kbhsWIbeLd3zQZejs3iE3q98HiuV3yx9fAJR0I7n3XF67KCvIW64+hpo5V831EAbGvwhUUmQ==",
            "requires": {
                "@formatjs/intl-utils": "^3.3.1"
            }
        },
        "@formatjs/intl-utils": {
            "version": "3.3.1",
            "resolved": "https://registry.npmjs.org/@formatjs/intl-utils/-/intl-utils-3.3.1.tgz",
            "integrity": "sha512-7AAicg2wqCJQ+gFEw5Nxp+ttavajBrPAD1HDmzA4jzvUCrF5a2NCJm/c5qON3VBubWWF2cu8HglEouj2h/l7KQ==",
            "requires": {
                "emojis-list": "^3.0.0"
            }
        },
        "ask-sdk-core": {
            "version": "2.8.0",
            "resolved": "https://registry.npmjs.org/ask-sdk-core/-/ask-sdk-core-2.8.0.tgz",
            "integrity": "sha512-yW5D+5Z8sKOAm/vVySTZkj7f1+LemBsOAjTEZQTK4MdS8Lp8xteg3cmuqcvCp3M8405K2LYd7TknCoEAs82HEA==",
            "requires": {
                "ask-sdk-runtime": "^2.8.0"
            }
        },
        "ask-sdk-model": {
            "version": "1.28.0",
            "resolved": "https://registry.npmjs.org/ask-sdk-model/-/ask-sdk-model-1.28.0.tgz",
            "integrity": "sha512-T4qz/hbXlQ8t6XvJBB7+tkYxpLe9/Ic+MEWNYGKgwbWnIOi5SKpfkXTEvV/mOEMpLMKj8WC84j+nRAyVc63NXQ=="
        },
        "ask-sdk-runtime": {
            "version": "2.8.0",
            "resolved": "https://registry.npmjs.org/ask-sdk-runtime/-/ask-sdk-runtime-2.8.0.tgz",
            "integrity": "sha512-hsVDcFKcbuj2H7MuAUlW0RBCTF8QOXfVCsrWSIgV2ABi8+PyI0zGUe8TdkQOGsPrDAv1PIzOS42QYqxWwPsp2g=="
        },
        "babel-runtime": {
            "version": "6.26.0",
            "resolved": "https://registry.npmjs.org/babel-runtime/-/babel-runtime-6.26.0.tgz",
            "integrity": "sha1-llxwWGaOgrVde/4E/yM3vItWR/4=",
            "requires": {
                "core-js": "^2.4.0",
                "regenerator-runtime": "^0.11.0"
            }
        },
        "core-js": {
            "version": "2.6.11",
            "resolved": "https://registry.npmjs.org/core-js/-/core-js-2.6.11.tgz",
            "integrity": "sha512-5wjnpaT/3dV+XB4borEsnAYQchn00XSgTAWKDkEqv+K8KevjbzmofK6hfJ9TZIlpj2N0xQpazy7PiRQiWHqzWg=="
        },
        "emojis-list": {
            "version": "3.0.0",
            "resolved": "https://registry.npmjs.org/emojis-list/-/emojis-list-3.0.0.tgz",
            "integrity": "sha512-/kyM18EfinwXZbno9FyUGeFh87KC8HRQBQGildHZbEuRyWFOmv1U10o9BBp8XVZDVNNuQKyIGIu5ZYAAXJ0V2Q=="
        },
        "i18next": {
            "version": "11.9.0",
            "resolved": "https://registry.npmjs.org/i18next/-/i18next-11.9.0.tgz",
            "integrity": "sha512-NDuIoELzyJ+29kc29j9aKgzjZht4kEKh3PPdz0qCEC9ZUpgRVaWUdkMRES/NVTcpe1ei4MMwY8DNWBWCIUlAng=="
        },
        "i18next-sprintf-postprocessor": {
            "version": "0.2.2",
            "resolved": "https://registry.npmjs.org/i18next-sprintf-postprocessor/-/i18next-sprintf-postprocessor-0.2.2.tgz",
            "integrity": "sha1-LkCfEENXk4Jpi2otpwzapVHWfqQ="
        },
        "intl-format-cache": {
            "version": "4.2.38",
            "resolved": "https://registry.npmjs.org/intl-format-cache/-/intl-format-cache-4.2.38.tgz",
            "integrity": "sha512-2jezJUaVUcNfgdllfjnZIkIrweLpMwouT4rTSyUk2Ig/6+O7PjZQPIIwkywSjnwVpTAXBj5VEkig+4z+c4trjg=="
        },
        "intl-messageformat": {
            "version": "8.3.23",
            "resolved": "https://registry.npmjs.org/intl-messageformat/-/intl-messageformat-8.3.23.tgz",
            "integrity": "sha512-km3/LXz/fggXSbY/Ew6IKsL47v3gBrDDd0QYtesTaxK1zeRLrBwJksXmk4R4dJua9P8zGLT+wBsao4UvViKkVA==",
            "requires": {
                "intl-format-cache": "^4.2.38",
                "intl-messageformat-parser": "^5.1.3"
            }
        },
        "intl-messageformat-parser": {
            "version": "5.1.3",
            "resolved": "https://registry.npmjs.org/intl-messageformat-parser/-/intl-messageformat-parser-5.1.3.tgz",
            "integrity": "sha512-bWuXkK4wzOKNHdqDHCw4+8+nKENtDs3E60hpUnh/6MXvZ0dfOtHA2LSIBLTkkE2h5Ir3V4XByW/8Bj1MBI5Ucw==",
            "requires": {
                "@formatjs/intl-numberformat": "^4.2.6"
            }
        },
        "javascript-time-ago": {
            "version": "0.4.15",
            "resolved": "https://registry.npmjs.org/javascript-time-ago/-/javascript-time-ago-0.4.15.tgz",
            "integrity": "sha512-/VBUguVk6h3Ove/rHsJdusax3FmXFqv8hWhQCKOSyY3lfvnLKResjh6BO1m6Cy/09golEC3McZg6XizpwaIPYA==",
            "requires": {
                "babel-runtime": "^6.6.1"
            }
        },
        "regenerator-runtime": {
            "version": "0.11.1",
            "resolved": "https://registry.npmjs.org/regenerator-runtime/-/regenerator-runtime-0.11.1.tgz",
            "integrity": "sha512-MguG95oij0fC3QV3URf4V2SDYGJhJnJGqvIIgdECeODCT98wSWDAJ94SSuVpYQUoTcGUIL6L4yNB7j1DFFHSBg=="
        }
    }
}
